{
  "version": 4,
  "terraform_version": "0.14.3",
  "serial": 21,
  "lineage": "e69454cb-7866-1f9a-365a-d620c2d42e1e",
  "outputs": {},
  "resources": [
    {
      "mode": "data",
      "type": "azurerm_image",
      "name": "image",
      "provider": "provider[\"registry.terraform.io/hashicorp/azurerm\"]",
      "instances": [
        {
          "schema_version": 0,
          "attributes": {
            "data_disk": [],
            "id": "/subscriptions/1d53902c-4bc6-44c8-82da-d1a59f04c098/resourceGroups/PackerResourceGroup/providers/Microsoft.Compute/images/PackerServerImage",
            "location": "eastus",
            "name": "PackerServerImage",
            "name_regex": null,
            "os_disk": [
              {
                "blob_uri": "",
                "caching": "ReadWrite",
                "managed_disk_id": "/subscriptions/1d53902c-4bc6-44c8-82da-d1a59f04c098/resourceGroups/pkr-Resource-Group-93qjckdw57/providers/Microsoft.Compute/disks/pkros93qjckdw57",
                "os_state": "Generalized",
                "os_type": "Linux",
                "size_gb": 30
              }
            ],
            "resource_group_name": "PackerResourceGroup",
            "sort_descending": false,
            "tags": {},
            "timeouts": null,
            "zone_resilient": false
          },
          "sensitive_attributes": []
        }
      ]
    },
    {
      "mode": "data",
      "type": "azurerm_resource_group",
      "name": "image",
      "provider": "provider[\"registry.terraform.io/hashicorp/azurerm\"]",
      "instances": [
        {
          "schema_version": 0,
          "attributes": {
            "id": "/subscriptions/1d53902c-4bc6-44c8-82da-d1a59f04c098/resourceGroups/PackerResourceGroup",
            "location": "eastus",
            "name": "PackerResourceGroup",
            "tags": {},
            "timeouts": null
          },
          "sensitive_attributes": []
        }
      ]
    },
    {
      "mode": "managed",
      "type": "azurerm_availability_set",
      "name": "UdacityP1_as",
      "provider": "provider[\"registry.terraform.io/hashicorp/azurerm\"]",
      "instances": [
        {
          "schema_version": 0,
          "attributes": {
            "id": "/subscriptions/1d53902c-4bc6-44c8-82da-d1a59f04c098/resourceGroups/UdacityP1/providers/Microsoft.Compute/availabilitySets/UdacityP1_as",
            "location": "eastus",
            "managed": true,
            "name": "UdacityP1_as",
            "platform_fault_domain_count": 3,
            "platform_update_domain_count": 5,
            "proximity_placement_group_id": null,
            "resource_group_name": "UdacityP1",
            "tags": null,
            "timeouts": null
          },
          "sensitive_attributes": [],
          "private": "eyJlMmJmYjczMC1lY2FhLTExZTYtOGY4OC0zNDM2M2JjN2M0YzAiOnsiY3JlYXRlIjoxODAwMDAwMDAwMDAwLCJkZWxldGUiOjE4MDAwMDAwMDAwMDAsInJlYWQiOjMwMDAwMDAwMDAwMCwidXBkYXRlIjoxODAwMDAwMDAwMDAwfX0=",
          "dependencies": [
            "azurerm_resource_group.UdacityP1"
          ]
        }
      ]
    },
    {
      "mode": "managed",
      "type": "azurerm_lb",
      "name": "UdacityP1",
      "provider": "provider[\"registry.terraform.io/hashicorp/azurerm\"]",
      "instances": [
        {
          "schema_version": 0,
          "attributes": {
            "frontend_ip_configuration": [
              {
                "id": "/subscriptions/1d53902c-4bc6-44c8-82da-d1a59f04c098/resourceGroups/UdacityP1/providers/Microsoft.Network/loadBalancers/UdacityP1-lb/frontendIPConfigurations/PublicIpAddress",
                "inbound_nat_rules": [],
                "load_balancer_rules": [],
                "name": "PublicIpAddress",
                "outbound_rules": [],
                "private_ip_address": "",
                "private_ip_address_allocation": "Dynamic",
                "private_ip_address_version": "IPv4",
                "public_ip_address_id": "/subscriptions/1d53902c-4bc6-44c8-82da-d1a59f04c098/resourceGroups/UdacityP1/providers/Microsoft.Network/publicIPAddresses/UdacityP1-pip",
                "public_ip_prefix_id": "",
                "subnet_id": "",
                "zones": null
              }
            ],
            "id": "/subscriptions/1d53902c-4bc6-44c8-82da-d1a59f04c098/resourceGroups/UdacityP1/providers/Microsoft.Network/loadBalancers/UdacityP1-lb",
            "location": "eastus",
            "name": "UdacityP1-lb",
            "private_ip_address": "",
            "private_ip_addresses": [],
            "resource_group_name": "UdacityP1",
            "sku": "Basic",
            "tags": {
              "environment": "UdacityP1"
            },
            "timeouts": null
          },
          "sensitive_attributes": [],
          "private": "eyJlMmJmYjczMC1lY2FhLTExZTYtOGY4OC0zNDM2M2JjN2M0YzAiOnsiY3JlYXRlIjoxODAwMDAwMDAwMDAwLCJkZWxldGUiOjE4MDAwMDAwMDAwMDAsInJlYWQiOjMwMDAwMDAwMDAwMCwidXBkYXRlIjoxODAwMDAwMDAwMDAwfX0=",
          "dependencies": [
            "azurerm_public_ip.UdacityP1",
            "azurerm_resource_group.UdacityP1"
          ]
        }
      ]
    },
    {
      "mode": "managed",
      "type": "azurerm_lb_backend_address_pool",
      "name": "UdacityP1",
      "provider": "provider[\"registry.terraform.io/hashicorp/azurerm\"]",
      "instances": [
        {
          "schema_version": 0,
          "attributes": {
            "backend_ip_configurations": [],
            "id": "/subscriptions/1d53902c-4bc6-44c8-82da-d1a59f04c098/resourceGroups/UdacityP1/providers/Microsoft.Network/loadBalancers/UdacityP1-lb/backendAddressPools/BackendPool",
            "load_balancing_rules": [],
            "loadbalancer_id": "/subscriptions/1d53902c-4bc6-44c8-82da-d1a59f04c098/resourceGroups/UdacityP1/providers/Microsoft.Network/loadBalancers/UdacityP1-lb",
            "name": "BackendPool",
            "resource_group_name": "UdacityP1",
            "timeouts": null
          },
          "sensitive_attributes": [],
          "private": "eyJlMmJmYjczMC1lY2FhLTExZTYtOGY4OC0zNDM2M2JjN2M0YzAiOnsiY3JlYXRlIjoxODAwMDAwMDAwMDAwLCJkZWxldGUiOjE4MDAwMDAwMDAwMDAsInJlYWQiOjMwMDAwMDAwMDAwMCwidXBkYXRlIjoxODAwMDAwMDAwMDAwfX0=",
          "dependencies": [
            "azurerm_lb.UdacityP1",
            "azurerm_public_ip.UdacityP1",
            "azurerm_resource_group.UdacityP1"
          ]
        }
      ]
    },
    {
      "mode": "managed",
      "type": "azurerm_lb_probe",
      "name": "UdacityP1",
      "provider": "provider[\"registry.terraform.io/hashicorp/azurerm\"]",
      "instances": [
        {
          "schema_version": 0,
          "attributes": {
            "id": "/subscriptions/1d53902c-4bc6-44c8-82da-d1a59f04c098/resourceGroups/UdacityP1/providers/Microsoft.Network/loadBalancers/UdacityP1-lb/probes/ssh-running-probe",
            "interval_in_seconds": 15,
            "load_balancer_rules": [],
            "loadbalancer_id": "/subscriptions/1d53902c-4bc6-44c8-82da-d1a59f04c098/resourceGroups/UdacityP1/providers/Microsoft.Network/loadBalancers/UdacityP1-lb",
            "name": "ssh-running-probe",
            "number_of_probes": 2,
            "port": 80,
            "protocol": "Tcp",
            "request_path": "",
            "resource_group_name": "UdacityP1",
            "timeouts": null
          },
          "sensitive_attributes": [],
          "private": "eyJlMmJmYjczMC1lY2FhLTExZTYtOGY4OC0zNDM2M2JjN2M0YzAiOnsiY3JlYXRlIjoxODAwMDAwMDAwMDAwLCJkZWxldGUiOjE4MDAwMDAwMDAwMDAsInJlYWQiOjMwMDAwMDAwMDAwMCwidXBkYXRlIjoxODAwMDAwMDAwMDAwfX0=",
          "dependencies": [
            "azurerm_lb.UdacityP1",
            "azurerm_public_ip.UdacityP1",
            "azurerm_resource_group.UdacityP1"
          ]
        }
      ]
    },
    {
      "mode": "managed",
      "type": "azurerm_lb_rule",
      "name": "UdacityP1",
      "provider": "provider[\"registry.terraform.io/hashicorp/azurerm\"]",
      "instances": [
        {
          "schema_version": 0,
          "attributes": {
            "backend_address_pool_id": "/subscriptions/1d53902c-4bc6-44c8-82da-d1a59f04c098/resourceGroups/UdacityP1/providers/Microsoft.Network/loadBalancers/UdacityP1-lb/backendAddressPools/BackendPool",
            "backend_port": 80,
            "disable_outbound_snat": false,
            "enable_floating_ip": false,
            "enable_tcp_reset": false,
            "frontend_ip_configuration_id": "/subscriptions/1d53902c-4bc6-44c8-82da-d1a59f04c098/resourceGroups/UdacityP1/providers/Microsoft.Network/loadBalancers/UdacityP1-lb/frontendIPConfigurations/PublicIpAddress",
            "frontend_ip_configuration_name": "PublicIpAddress",
            "frontend_port": 80,
            "id": "/subscriptions/1d53902c-4bc6-44c8-82da-d1a59f04c098/resourceGroups/UdacityP1/providers/Microsoft.Network/loadBalancers/UdacityP1-lb/loadBalancingRules/http",
            "idle_timeout_in_minutes": 4,
            "load_distribution": "Default",
            "loadbalancer_id": "/subscriptions/1d53902c-4bc6-44c8-82da-d1a59f04c098/resourceGroups/UdacityP1/providers/Microsoft.Network/loadBalancers/UdacityP1-lb",
            "name": "http",
            "probe_id": "/subscriptions/1d53902c-4bc6-44c8-82da-d1a59f04c098/resourceGroups/UdacityP1/providers/Microsoft.Network/loadBalancers/UdacityP1-lb/probes/ssh-running-probe",
            "protocol": "Tcp",
            "resource_group_name": "UdacityP1",
            "timeouts": null
          },
          "sensitive_attributes": [],
          "private": "eyJlMmJmYjczMC1lY2FhLTExZTYtOGY4OC0zNDM2M2JjN2M0YzAiOnsiY3JlYXRlIjoxODAwMDAwMDAwMDAwLCJkZWxldGUiOjE4MDAwMDAwMDAwMDAsInJlYWQiOjMwMDAwMDAwMDAwMCwidXBkYXRlIjoxODAwMDAwMDAwMDAwfX0=",
          "dependencies": [
            "azurerm_lb.UdacityP1",
            "azurerm_lb_backend_address_pool.UdacityP1",
            "azurerm_lb_probe.UdacityP1",
            "azurerm_public_ip.UdacityP1",
            "azurerm_resource_group.UdacityP1"
          ]
        }
      ]
    },
    {
      "mode": "managed",
      "type": "azurerm_linux_virtual_machine",
      "name": "UdacityP1",
      "provider": "provider[\"registry.terraform.io/hashicorp/azurerm\"]",
      "instances": [
        {
          "index_key": 0,
          "schema_version": 0,
          "attributes": {
            "additional_capabilities": [],
            "admin_password": null,
            "admin_ssh_key": [
              {
                "public_key": "ssh-rsa AAAAB3NzaC1yc2EAAAADAQABAAABAQDH3XYXa2PoFylmxZjPpv18DFTDyqC+AHpEJ9iEuc/ydFevqhlCbSNvAJH8/36ccFmj2+jWAcxtCwXih1fCBZOLEOHqhBY9op8X3Fyqqcg8NMtXpeFgkPNsJw3Vu5znvV1NDdqdpskYofoKMwvDL5Zz3bGYhH62TTZl7vC0JIgMIBRhfH2MnoVO5PkmE9y3tjHEDfZQF82gZ/Hr9IrRM2+5qdn81VJLcZY9m1674AMFdDdsuBHTPYnLrf6qdUUq/y2iQGGTG/OBzfx2qNYdRKKZSOHAFMidf8U6vdCl7IIhoHtouGkOMMF6N+4e6ZLm5TrUyekvt5bejxxgtCZA3dFZ",
                "username": "adminuser"
              }
            ],
            "admin_username": "adminuser",
            "allow_extension_operations": true,
            "availability_set_id": "",
            "boot_diagnostics": [],
            "computer_name": "UdacityP1-vm-0",
            "custom_data": null,
            "dedicated_host_id": "",
            "disable_password_authentication": true,
            "encryption_at_host_enabled": false,
            "eviction_policy": "",
            "id": "/subscriptions/1d53902c-4bc6-44c8-82da-d1a59f04c098/resourceGroups/UdacityP1/providers/Microsoft.Compute/virtualMachines/UdacityP1-vm-0",
            "identity": [],
            "location": "eastus",
            "max_bid_price": -1,
            "name": "UdacityP1-vm-0",
            "network_interface_ids": [
              "/subscriptions/1d53902c-4bc6-44c8-82da-d1a59f04c098/resourceGroups/UdacityP1/providers/Microsoft.Network/networkInterfaces/UdacityP1-nic-0"
            ],
            "os_disk": [
              {
                "caching": "ReadWrite",
                "diff_disk_settings": [],
                "disk_encryption_set_id": "",
                "disk_size_gb": 30,
                "name": "UdacityP1-vm-0_disk1_8cfef0db402c46be96971fa09b4019cc",
                "storage_account_type": "Standard_LRS",
                "write_accelerator_enabled": false
              }
            ],
            "plan": [],
            "priority": "Regular",
            "private_ip_address": "10.0.2.5",
            "private_ip_addresses": [
              "10.0.2.5"
            ],
            "provision_vm_agent": true,
            "proximity_placement_group_id": "",
            "public_ip_address": "",
            "public_ip_addresses": [],
            "resource_group_name": "UdacityP1",
            "secret": [],
            "size": "Standard_B1s",
            "source_image_id": "/subscriptions/1d53902c-4bc6-44c8-82da-d1a59f04c098/resourceGroups/PackerResourceGroup/providers/Microsoft.Compute/images/PackerServerImage",
            "source_image_reference": [],
            "tags": null,
            "timeouts": null,
            "virtual_machine_id": "b988e073-b20f-4c4d-be55-cc7d726e6a2a",
            "virtual_machine_scale_set_id": "",
            "zone": ""
          },
          "sensitive_attributes": [],
          "private": "eyJlMmJmYjczMC1lY2FhLTExZTYtOGY4OC0zNDM2M2JjN2M0YzAiOnsiY3JlYXRlIjoyNzAwMDAwMDAwMDAwLCJkZWxldGUiOjI3MDAwMDAwMDAwMDAsInJlYWQiOjMwMDAwMDAwMDAwMCwidXBkYXRlIjoyNzAwMDAwMDAwMDAwfX0=",
          "dependencies": [
            "azurerm_network_interface.UdacityP1",
            "azurerm_resource_group.UdacityP1",
            "azurerm_subnet.UdacityP1",
            "azurerm_virtual_network.UdacityP1",
            "data.azurerm_image.image"
          ]
        },
        {
          "index_key": 1,
          "schema_version": 0,
          "attributes": {
            "additional_capabilities": [],
            "admin_password": null,
            "admin_ssh_key": [
              {
                "public_key": "ssh-rsa AAAAB3NzaC1yc2EAAAADAQABAAABAQDH3XYXa2PoFylmxZjPpv18DFTDyqC+AHpEJ9iEuc/ydFevqhlCbSNvAJH8/36ccFmj2+jWAcxtCwXih1fCBZOLEOHqhBY9op8X3Fyqqcg8NMtXpeFgkPNsJw3Vu5znvV1NDdqdpskYofoKMwvDL5Zz3bGYhH62TTZl7vC0JIgMIBRhfH2MnoVO5PkmE9y3tjHEDfZQF82gZ/Hr9IrRM2+5qdn81VJLcZY9m1674AMFdDdsuBHTPYnLrf6qdUUq/y2iQGGTG/OBzfx2qNYdRKKZSOHAFMidf8U6vdCl7IIhoHtouGkOMMF6N+4e6ZLm5TrUyekvt5bejxxgtCZA3dFZ",
                "username": "adminuser"
              }
            ],
            "admin_username": "adminuser",
            "allow_extension_operations": true,
            "availability_set_id": "",
            "boot_diagnostics": [],
            "computer_name": "UdacityP1-vm-1",
            "custom_data": null,
            "dedicated_host_id": "",
            "disable_password_authentication": true,
            "encryption_at_host_enabled": false,
            "eviction_policy": "",
            "id": "/subscriptions/1d53902c-4bc6-44c8-82da-d1a59f04c098/resourceGroups/UdacityP1/providers/Microsoft.Compute/virtualMachines/UdacityP1-vm-1",
            "identity": [],
            "location": "eastus",
            "max_bid_price": -1,
            "name": "UdacityP1-vm-1",
            "network_interface_ids": [
              "/subscriptions/1d53902c-4bc6-44c8-82da-d1a59f04c098/resourceGroups/UdacityP1/providers/Microsoft.Network/networkInterfaces/UdacityP1-nic-1"
            ],
            "os_disk": [
              {
                "caching": "ReadWrite",
                "diff_disk_settings": [],
                "disk_encryption_set_id": "",
                "disk_size_gb": 30,
                "name": "UdacityP1-vm-1_disk1_470cd4fdab7447598a28c9211c9ee26d",
                "storage_account_type": "Standard_LRS",
                "write_accelerator_enabled": false
              }
            ],
            "plan": [],
            "priority": "Regular",
            "private_ip_address": "10.0.2.4",
            "private_ip_addresses": [
              "10.0.2.4"
            ],
            "provision_vm_agent": true,
            "proximity_placement_group_id": "",
            "public_ip_address": "",
            "public_ip_addresses": [],
            "resource_group_name": "UdacityP1",
            "secret": [],
            "size": "Standard_B1s",
            "source_image_id": "/subscriptions/1d53902c-4bc6-44c8-82da-d1a59f04c098/resourceGroups/PackerResourceGroup/providers/Microsoft.Compute/images/PackerServerImage",
            "source_image_reference": [],
            "tags": null,
            "timeouts": null,
            "virtual_machine_id": "b0a7b504-23c7-4ff0-aa47-2c0bceede813",
            "virtual_machine_scale_set_id": "",
            "zone": ""
          },
          "sensitive_attributes": [],
          "private": "eyJlMmJmYjczMC1lY2FhLTExZTYtOGY4OC0zNDM2M2JjN2M0YzAiOnsiY3JlYXRlIjoyNzAwMDAwMDAwMDAwLCJkZWxldGUiOjI3MDAwMDAwMDAwMDAsInJlYWQiOjMwMDAwMDAwMDAwMCwidXBkYXRlIjoyNzAwMDAwMDAwMDAwfX0=",
          "dependencies": [
            "azurerm_network_interface.UdacityP1",
            "azurerm_resource_group.UdacityP1",
            "azurerm_subnet.UdacityP1",
            "azurerm_virtual_network.UdacityP1",
            "data.azurerm_image.image"
          ]
        }
      ]
    },
    {
      "mode": "managed",
      "type": "azurerm_managed_disk",
      "name": "UdacityP1-md",
      "provider": "provider[\"registry.terraform.io/hashicorp/azurerm\"]",
      "instances": [
        {
          "index_key": 0,
          "schema_version": 0,
          "attributes": {
            "create_option": "Empty",
            "disk_encryption_set_id": "",
            "disk_iops_read_write": 500,
            "disk_mbps_read_write": 60,
            "disk_size_gb": 5,
            "encryption_settings": [],
            "id": "/subscriptions/1d53902c-4bc6-44c8-82da-d1a59f04c098/resourceGroups/UdacityP1/providers/Microsoft.Compute/disks/UdacityP1-md_0",
            "image_reference_id": "",
            "location": "eastus",
            "name": "UdacityP1-md_0",
            "os_type": "",
            "resource_group_name": "UdacityP1",
            "source_resource_id": "",
            "source_uri": "",
            "storage_account_id": "",
            "storage_account_type": "Standard_LRS",
            "tags": null,
            "timeouts": null,
            "zones": null
          },
          "sensitive_attributes": [],
          "private": "eyJlMmJmYjczMC1lY2FhLTExZTYtOGY4OC0zNDM2M2JjN2M0YzAiOnsiY3JlYXRlIjoxODAwMDAwMDAwMDAwLCJkZWxldGUiOjE4MDAwMDAwMDAwMDAsInJlYWQiOjMwMDAwMDAwMDAwMCwidXBkYXRlIjoxODAwMDAwMDAwMDAwfX0=",
          "dependencies": [
            "azurerm_resource_group.UdacityP1"
          ]
        },
        {
          "index_key": 1,
          "schema_version": 0,
          "attributes": {
            "create_option": "Empty",
            "disk_encryption_set_id": "",
            "disk_iops_read_write": 500,
            "disk_mbps_read_write": 60,
            "disk_size_gb": 5,
            "encryption_settings": [],
            "id": "/subscriptions/1d53902c-4bc6-44c8-82da-d1a59f04c098/resourceGroups/UdacityP1/providers/Microsoft.Compute/disks/UdacityP1-md_1",
            "image_reference_id": "",
            "location": "eastus",
            "name": "UdacityP1-md_1",
            "os_type": "",
            "resource_group_name": "UdacityP1",
            "source_resource_id": "",
            "source_uri": "",
            "storage_account_id": "",
            "storage_account_type": "Standard_LRS",
            "tags": null,
            "timeouts": null,
            "zones": null
          },
          "sensitive_attributes": [],
          "private": "eyJlMmJmYjczMC1lY2FhLTExZTYtOGY4OC0zNDM2M2JjN2M0YzAiOnsiY3JlYXRlIjoxODAwMDAwMDAwMDAwLCJkZWxldGUiOjE4MDAwMDAwMDAwMDAsInJlYWQiOjMwMDAwMDAwMDAwMCwidXBkYXRlIjoxODAwMDAwMDAwMDAwfX0=",
          "dependencies": [
            "azurerm_resource_group.UdacityP1"
          ]
        }
      ]
    },
    {
      "mode": "managed",
      "type": "azurerm_network_interface",
      "name": "UdacityP1",
      "provider": "provider[\"registry.terraform.io/hashicorp/azurerm\"]",
      "instances": [
        {
          "index_key": 0,
          "schema_version": 0,
          "attributes": {
            "applied_dns_servers": [],
            "dns_servers": [],
            "enable_accelerated_networking": false,
            "enable_ip_forwarding": false,
            "id": "/subscriptions/1d53902c-4bc6-44c8-82da-d1a59f04c098/resourceGroups/UdacityP1/providers/Microsoft.Network/networkInterfaces/UdacityP1-nic-0",
            "internal_dns_name_label": "",
            "internal_domain_name_suffix": "t3qjt01i2miebb1qvic0kqvjng.bx.internal.cloudapp.net",
            "ip_configuration": [
              {
                "name": "UdacityP1-nic-config",
                "primary": true,
                "private_ip_address": "10.0.2.5",
                "private_ip_address_allocation": "Dynamic",
                "private_ip_address_version": "IPv4",
                "public_ip_address_id": "",
                "subnet_id": "/subscriptions/1d53902c-4bc6-44c8-82da-d1a59f04c098/resourceGroups/UdacityP1/providers/Microsoft.Network/virtualNetworks/UdacityP1-vnet/subnets/UdacityP1-subnet"
              }
            ],
            "location": "eastus",
            "mac_address": "",
            "name": "UdacityP1-nic-0",
            "private_ip_address": "10.0.2.5",
            "private_ip_addresses": [
              "10.0.2.5"
            ],
            "resource_group_name": "UdacityP1",
            "tags": null,
            "timeouts": null,
            "virtual_machine_id": ""
          },
          "sensitive_attributes": [],
          "private": "eyJlMmJmYjczMC1lY2FhLTExZTYtOGY4OC0zNDM2M2JjN2M0YzAiOnsiY3JlYXRlIjoxODAwMDAwMDAwMDAwLCJkZWxldGUiOjE4MDAwMDAwMDAwMDAsInJlYWQiOjMwMDAwMDAwMDAwMCwidXBkYXRlIjoxODAwMDAwMDAwMDAwfX0=",
          "dependencies": [
            "azurerm_resource_group.UdacityP1",
            "azurerm_subnet.UdacityP1",
            "azurerm_virtual_network.UdacityP1"
          ]
        },
        {
          "index_key": 1,
          "schema_version": 0,
          "attributes": {
            "applied_dns_servers": [],
            "dns_servers": [],
            "enable_accelerated_networking": false,
            "enable_ip_forwarding": false,
            "id": "/subscriptions/1d53902c-4bc6-44c8-82da-d1a59f04c098/resourceGroups/UdacityP1/providers/Microsoft.Network/networkInterfaces/UdacityP1-nic-1",
            "internal_dns_name_label": "",
            "internal_domain_name_suffix": "t3qjt01i2miebb1qvic0kqvjng.bx.internal.cloudapp.net",
            "ip_configuration": [
              {
                "name": "UdacityP1-nic-config",
                "primary": true,
                "private_ip_address": "10.0.2.4",
                "private_ip_address_allocation": "Dynamic",
                "private_ip_address_version": "IPv4",
                "public_ip_address_id": "",
                "subnet_id": "/subscriptions/1d53902c-4bc6-44c8-82da-d1a59f04c098/resourceGroups/UdacityP1/providers/Microsoft.Network/virtualNetworks/UdacityP1-vnet/subnets/UdacityP1-subnet"
              }
            ],
            "location": "eastus",
            "mac_address": "",
            "name": "UdacityP1-nic-1",
            "private_ip_address": "10.0.2.4",
            "private_ip_addresses": [
              "10.0.2.4"
            ],
            "resource_group_name": "UdacityP1",
            "tags": null,
            "timeouts": null,
            "virtual_machine_id": ""
          },
          "sensitive_attributes": [],
          "private": "eyJlMmJmYjczMC1lY2FhLTExZTYtOGY4OC0zNDM2M2JjN2M0YzAiOnsiY3JlYXRlIjoxODAwMDAwMDAwMDAwLCJkZWxldGUiOjE4MDAwMDAwMDAwMDAsInJlYWQiOjMwMDAwMDAwMDAwMCwidXBkYXRlIjoxODAwMDAwMDAwMDAwfX0=",
          "dependencies": [
            "azurerm_resource_group.UdacityP1",
            "azurerm_subnet.UdacityP1",
            "azurerm_virtual_network.UdacityP1"
          ]
        }
      ]
    },
    {
      "mode": "managed",
      "type": "azurerm_network_security_group",
      "name": "UdacityP1",
      "provider": "provider[\"registry.terraform.io/hashicorp/azurerm\"]",
      "instances": [
        {
          "schema_version": 0,
          "attributes": {
            "id": "/subscriptions/1d53902c-4bc6-44c8-82da-d1a59f04c098/resourceGroups/UdacityP1/providers/Microsoft.Network/networkSecurityGroups/UdacityP1-security-group",
            "location": "eastus",
            "name": "UdacityP1-security-group",
            "resource_group_name": "UdacityP1",
            "security_rule": [
              {
                "access": "Allow",
                "description": "",
                "destination_address_prefix": "*",
                "destination_address_prefixes": [],
                "destination_application_security_group_ids": [],
                "destination_port_range": "22",
                "destination_port_ranges": [],
                "direction": "Inbound",
                "name": "SSH",
                "priority": 1001,
                "protocol": "TCP",
                "source_address_prefix": "*",
                "source_address_prefixes": [],
                "source_application_security_group_ids": [],
                "source_port_range": "*",
                "source_port_ranges": []
              }
            ],
            "tags": null,
            "timeouts": null
          },
          "sensitive_attributes": [],
          "private": "eyJlMmJmYjczMC1lY2FhLTExZTYtOGY4OC0zNDM2M2JjN2M0YzAiOnsiY3JlYXRlIjoxODAwMDAwMDAwMDAwLCJkZWxldGUiOjE4MDAwMDAwMDAwMDAsInJlYWQiOjMwMDAwMDAwMDAwMCwidXBkYXRlIjoxODAwMDAwMDAwMDAwfX0=",
          "dependencies": [
            "azurerm_resource_group.UdacityP1"
          ]
        }
      ]
    },
    {
      "mode": "managed",
      "type": "azurerm_network_security_rule",
      "name": "UdacityP1vm",
      "provider": "provider[\"registry.terraform.io/hashicorp/azurerm\"]",
      "instances": [
        {
          "schema_version": 0,
          "attributes": {
            "access": "Allow",
            "description": "",
            "destination_address_prefix": "10.0.0.0/16",
            "destination_address_prefixes": null,
            "destination_application_security_group_ids": null,
            "destination_port_range": "*",
            "destination_port_ranges": null,
            "direction": "Inbound",
            "id": "/subscriptions/1d53902c-4bc6-44c8-82da-d1a59f04c098/resourceGroups/UdacityP1/providers/Microsoft.Network/networkSecurityGroups/UdacityP1-security-group/securityRules/allow_subnet_vm_inbound",
            "name": "allow_subnet_vm_inbound",
            "network_security_group_name": "UdacityP1-security-group",
            "priority": 200,
            "protocol": "TCP",
            "resource_group_name": "UdacityP1",
            "source_address_prefix": "10.0.0.0/16",
            "source_address_prefixes": null,
            "source_application_security_group_ids": null,
            "source_port_range": "*",
            "source_port_ranges": null,
            "timeouts": null
          },
          "sensitive_attributes": [],
          "private": "eyJlMmJmYjczMC1lY2FhLTExZTYtOGY4OC0zNDM2M2JjN2M0YzAiOnsiY3JlYXRlIjoxODAwMDAwMDAwMDAwLCJkZWxldGUiOjE4MDAwMDAwMDAwMDAsInJlYWQiOjMwMDAwMDAwMDAwMCwidXBkYXRlIjoxODAwMDAwMDAwMDAwfX0=",
          "dependencies": [
            "azurerm_network_security_group.UdacityP1",
            "azurerm_resource_group.UdacityP1"
          ]
        }
      ]
    },
    {
      "mode": "managed",
      "type": "azurerm_network_security_rule",
      "name": "blockinternetaccess",
      "provider": "provider[\"registry.terraform.io/hashicorp/azurerm\"]",
      "instances": [
        {
          "schema_version": 0,
          "attributes": {
            "access": "Deny",
            "description": "",
            "destination_address_prefix": "*",
            "destination_address_prefixes": null,
            "destination_application_security_group_ids": null,
            "destination_port_range": "*",
            "destination_port_ranges": null,
            "direction": "Inbound",
            "id": "/subscriptions/1d53902c-4bc6-44c8-82da-d1a59f04c098/resourceGroups/UdacityP1/providers/Microsoft.Network/networkSecurityGroups/UdacityP1-security-group/securityRules/blockinternetaccess",
            "name": "blockinternetaccess",
            "network_security_group_name": "UdacityP1-security-group",
            "priority": 300,
            "protocol": "*",
            "resource_group_name": "UdacityP1",
            "source_address_prefix": "*",
            "source_address_prefixes": null,
            "source_application_security_group_ids": null,
            "source_port_range": "*",
            "source_port_ranges": null,
            "timeouts": null
          },
          "sensitive_attributes": [],
          "private": "eyJlMmJmYjczMC1lY2FhLTExZTYtOGY4OC0zNDM2M2JjN2M0YzAiOnsiY3JlYXRlIjoxODAwMDAwMDAwMDAwLCJkZWxldGUiOjE4MDAwMDAwMDAwMDAsInJlYWQiOjMwMDAwMDAwMDAwMCwidXBkYXRlIjoxODAwMDAwMDAwMDAwfX0=",
          "dependencies": [
            "azurerm_network_security_group.UdacityP1",
            "azurerm_resource_group.UdacityP1"
          ]
        }
      ]
    },
    {
      "mode": "managed",
      "type": "azurerm_public_ip",
      "name": "UdacityP1",
      "provider": "provider[\"registry.terraform.io/hashicorp/azurerm\"]",
      "instances": [
        {
          "schema_version": 0,
          "attributes": {
            "allocation_method": "Static",
            "domain_name_label": null,
            "fqdn": null,
            "id": "/subscriptions/1d53902c-4bc6-44c8-82da-d1a59f04c098/resourceGroups/UdacityP1/providers/Microsoft.Network/publicIPAddresses/UdacityP1-pip",
            "idle_timeout_in_minutes": 30,
            "ip_address": "20.185.67.231",
            "ip_version": "IPv4",
            "location": "eastus",
            "name": "UdacityP1-pip",
            "public_ip_prefix_id": null,
            "resource_group_name": "UdacityP1",
            "reverse_fqdn": null,
            "sku": "Basic",
            "tags": {
              "environment": "UdacityP1"
            },
            "timeouts": null,
            "zones": null
          },
          "sensitive_attributes": [],
          "private": "eyJlMmJmYjczMC1lY2FhLTExZTYtOGY4OC0zNDM2M2JjN2M0YzAiOnsiY3JlYXRlIjoxODAwMDAwMDAwMDAwLCJkZWxldGUiOjE4MDAwMDAwMDAwMDAsInJlYWQiOjMwMDAwMDAwMDAwMCwidXBkYXRlIjoxODAwMDAwMDAwMDAwfX0=",
          "dependencies": [
            "azurerm_resource_group.UdacityP1"
          ]
        }
      ]
    },
    {
      "mode": "managed",
      "type": "azurerm_resource_group",
      "name": "UdacityP1",
      "provider": "provider[\"registry.terraform.io/hashicorp/azurerm\"]",
      "instances": [
        {
          "schema_version": 0,
          "attributes": {
            "id": "/subscriptions/1d53902c-4bc6-44c8-82da-d1a59f04c098/resourceGroups/UdacityP1",
            "location": "eastus",
            "name": "UdacityP1",
            "tags": {
              "environment": "UdacityP1"
            },
            "timeouts": null
          },
          "sensitive_attributes": [],
          "private": "eyJlMmJmYjczMC1lY2FhLTExZTYtOGY4OC0zNDM2M2JjN2M0YzAiOnsiY3JlYXRlIjo1NDAwMDAwMDAwMDAwLCJkZWxldGUiOjU0MDAwMDAwMDAwMDAsInJlYWQiOjMwMDAwMDAwMDAwMCwidXBkYXRlIjo1NDAwMDAwMDAwMDAwfX0="
        }
      ]
    },
    {
      "mode": "managed",
      "type": "azurerm_subnet",
      "name": "UdacityP1",
      "provider": "provider[\"registry.terraform.io/hashicorp/azurerm\"]",
      "instances": [
        {
          "schema_version": 0,
          "attributes": {
            "address_prefix": "10.0.2.0/24",
            "address_prefixes": [
              "10.0.2.0/24"
            ],
            "delegation": [],
            "enforce_private_link_endpoint_network_policies": false,
            "enforce_private_link_service_network_policies": false,
            "id": "/subscriptions/1d53902c-4bc6-44c8-82da-d1a59f04c098/resourceGroups/UdacityP1/providers/Microsoft.Network/virtualNetworks/UdacityP1-vnet/subnets/UdacityP1-subnet",
            "name": "UdacityP1-subnet",
            "resource_group_name": "UdacityP1",
            "service_endpoints": null,
            "timeouts": null,
            "virtual_network_name": "UdacityP1-vnet"
          },
          "sensitive_attributes": [],
          "private": "eyJlMmJmYjczMC1lY2FhLTExZTYtOGY4OC0zNDM2M2JjN2M0YzAiOnsiY3JlYXRlIjoxODAwMDAwMDAwMDAwLCJkZWxldGUiOjE4MDAwMDAwMDAwMDAsInJlYWQiOjMwMDAwMDAwMDAwMCwidXBkYXRlIjoxODAwMDAwMDAwMDAwfX0=",
          "dependencies": [
            "azurerm_resource_group.UdacityP1",
            "azurerm_virtual_network.UdacityP1"
          ]
        }
      ]
    },
    {
      "mode": "managed",
      "type": "azurerm_virtual_machine_data_disk_attachment",
      "name": "UdacityP1",
      "provider": "provider[\"registry.terraform.io/hashicorp/azurerm\"]",
      "instances": [
        {
          "index_key": 0,
          "schema_version": 0,
          "attributes": {
            "caching": "ReadWrite",
            "create_option": "Attach",
            "id": "/subscriptions/1d53902c-4bc6-44c8-82da-d1a59f04c098/resourceGroups/UdacityP1/providers/Microsoft.Compute/virtualMachines/UdacityP1-vm-0/dataDisks/UdacityP1-md_0",
            "lun": 10,
            "managed_disk_id": "/subscriptions/1d53902c-4bc6-44c8-82da-d1a59f04c098/resourceGroups/UdacityP1/providers/Microsoft.Compute/disks/UdacityP1-md_0",
            "timeouts": null,
            "virtual_machine_id": "/subscriptions/1d53902c-4bc6-44c8-82da-d1a59f04c098/resourceGroups/UdacityP1/providers/Microsoft.Compute/virtualMachines/UdacityP1-vm-0",
            "write_accelerator_enabled": false
          },
          "sensitive_attributes": [],
          "private": "eyJlMmJmYjczMC1lY2FhLTExZTYtOGY4OC0zNDM2M2JjN2M0YzAiOnsiY3JlYXRlIjoxODAwMDAwMDAwMDAwLCJkZWxldGUiOjE4MDAwMDAwMDAwMDAsInJlYWQiOjMwMDAwMDAwMDAwMCwidXBkYXRlIjoxODAwMDAwMDAwMDAwfX0=",
          "dependencies": [
            "azurerm_linux_virtual_machine.UdacityP1",
            "azurerm_managed_disk.UdacityP1-md",
            "azurerm_network_interface.UdacityP1",
            "azurerm_resource_group.UdacityP1",
            "azurerm_subnet.UdacityP1",
            "azurerm_virtual_network.UdacityP1",
            "data.azurerm_image.image"
          ]
        },
        {
          "index_key": 1,
          "schema_version": 0,
          "attributes": {
            "caching": "ReadWrite",
            "create_option": "Attach",
            "id": "/subscriptions/1d53902c-4bc6-44c8-82da-d1a59f04c098/resourceGroups/UdacityP1/providers/Microsoft.Compute/virtualMachines/UdacityP1-vm-1/dataDisks/UdacityP1-md_1",
            "lun": 10,
            "managed_disk_id": "/subscriptions/1d53902c-4bc6-44c8-82da-d1a59f04c098/resourceGroups/UdacityP1/providers/Microsoft.Compute/disks/UdacityP1-md_1",
            "timeouts": null,
            "virtual_machine_id": "/subscriptions/1d53902c-4bc6-44c8-82da-d1a59f04c098/resourceGroups/UdacityP1/providers/Microsoft.Compute/virtualMachines/UdacityP1-vm-1",
            "write_accelerator_enabled": false
          },
          "sensitive_attributes": [],
          "private": "eyJlMmJmYjczMC1lY2FhLTExZTYtOGY4OC0zNDM2M2JjN2M0YzAiOnsiY3JlYXRlIjoxODAwMDAwMDAwMDAwLCJkZWxldGUiOjE4MDAwMDAwMDAwMDAsInJlYWQiOjMwMDAwMDAwMDAwMCwidXBkYXRlIjoxODAwMDAwMDAwMDAwfX0=",
          "dependencies": [
            "azurerm_linux_virtual_machine.UdacityP1",
            "azurerm_managed_disk.UdacityP1-md",
            "azurerm_network_interface.UdacityP1",
            "azurerm_resource_group.UdacityP1",
            "azurerm_subnet.UdacityP1",
            "azurerm_virtual_network.UdacityP1",
            "data.azurerm_image.image"
          ]
        }
      ]
    },
    {
      "mode": "managed",
      "type": "azurerm_virtual_network",
      "name": "UdacityP1",
      "provider": "provider[\"registry.terraform.io/hashicorp/azurerm\"]",
      "instances": [
        {
          "schema_version": 0,
          "attributes": {
            "address_space": [
              "10.0.0.0/16"
            ],
            "ddos_protection_plan": [],
            "dns_servers": null,
            "guid": "eb99609f-e368-4010-8770-aa05a542a96e",
            "id": "/subscriptions/1d53902c-4bc6-44c8-82da-d1a59f04c098/resourceGroups/UdacityP1/providers/Microsoft.Network/virtualNetworks/UdacityP1-vnet",
            "location": "eastus",
            "name": "UdacityP1-vnet",
            "resource_group_name": "UdacityP1",
            "subnet": [],
            "tags": {
              "environment": "UdacityP1"
            },
            "timeouts": null
          },
          "sensitive_attributes": [],
          "private": "eyJlMmJmYjczMC1lY2FhLTExZTYtOGY4OC0zNDM2M2JjN2M0YzAiOnsiY3JlYXRlIjoxODAwMDAwMDAwMDAwLCJkZWxldGUiOjE4MDAwMDAwMDAwMDAsInJlYWQiOjMwMDAwMDAwMDAwMCwidXBkYXRlIjoxODAwMDAwMDAwMDAwfX0=",
          "dependencies": [
            "azurerm_resource_group.UdacityP1"
          ]
        }
      ]
    }
  ]
}
